# This file is automatically @generated by Cargo.
# It is not intended for manual editing.
[[package]]
name = "engine-audio"
version = "0.1.0"
dependencies = [
 "pocketsphinx",
]

[[package]]
name = "libc"
version = "0.2.70"
source = "registry+https://github.com/rust-lang/crates.io-index"
checksum = "3baa92041a6fec78c687fa0cc2b3fae8884f743d672cf551bed1d6dac6988d0f"

[[package]]
name = "pkg-config"
version = "0.3.17"
source = "registry+https://github.com/rust-lang/crates.io-index"
checksum = "05da548ad6865900e60eaba7f589cc0783590a92e940c26953ff81ddbab2d677"

[[package]]
name = "pocketsphinx"
version = "0.6.0"
source = "registry+https://github.com/rust-lang/crates.io-index"
checksum = "7fbfed8e8fff3197805e97b0e35f72263f02bd5a55646df5470b5c59d8ce6bd2"
dependencies = [
 "libc",
 "pocketsphinx-sys",
]

[[package]]
name = "pocketsphinx-sys"
version = "0.5.0"
source = "registry+https://github.com/rust-lang/crates.io-index"
checksum = "34367c1e1c21caec7f9e798d966868b0550c17b33f744eaec8c1ae876f601132"
dependencies = [
 "libc",
 "pkg-config",
]
